
Microsoft Visual Studio Solution File, Format Version 12.00
# Visual Studio 15
VisualStudioVersion = 15.0.27703.2042
MinimumVisualStudioVersion = 10.0.40219.1
Project("{FAE04EC0-301F-11D3-BF4B-00C04F79EFBC}") = "EnumSample", "EnumSample\EnumSample.csproj", "{DC9DA029-F81F-4112-B29E-0C383AAF0BC1}"
EndProject
Global
	GlobalSection(SolutionConfigurationPlatforms) = preSolution
		Debug|Any CPU = Debug|Any CPU
		Release|Any CPU = Release|Any CPU
	EndGlobalSection
	GlobalSection(ProjectConfigurationPlatforms) = postSolution
		{DC9DA029-F81F-4112-B29E-0C383AAF0BC1}.Debug|Any CPU.ActiveCfg = Debug|Any CPU
		{DC9DA029-F81F-4112-B29E-0C383AAF0BC1}.Debug|Any CPU.Build.0 = Debug|Any CPU
		{DC9DA029-F81F-4112-B29E-0C383AAF0BC1}.Release|Any CPU.ActiveCfg = Release|Any CPU
		{DC9DA029-F81F-4112-B29E-0C383AAF0BC1}.Release|Any CPU.Build.0 = Release|Any CPU
	EndGlobalSection
	GlobalSection(SolutionProperties) = preSolution
		HideSolutionNode = FALSE
	EndGlobalSection
	GlobalSection(ExtensibilityGlobals) = postSolution
		SolutionGuid = {3C1A5211-AB51-45F7-AF06-2815F01E0F5E}
	EndGlobalSection
EndGlobal
